{
    "_readme": [
        "This file locks the dependencies of your project to a known state",
        "Read more about it at https://getcomposer.org/doc/01-basic-usage.md#composer-lock-the-lock-file",
        "This file is @generated automatically"
    ],
    "hash": "e571835ad3d7e920f3f084252a6403fe",
    "content-hash": "d1c7cd5d94dd392ba1737a401c1e5dd4",
    "packages": [
        {
            "name": "paragonie/random_compat",
            "version": "v2.0.3",
            "source": {
                "type": "git",
                "url": "https://github.com/paragonie/random_compat.git",
                "reference": "c0125896dbb151380ab47e96c621741e79623beb"
            },
            "dist": {
                "type": "zip",
                "url": "https://api.github.com/repos/paragonie/random_compat/zipball/c0125896dbb151380ab47e96c621741e79623beb",
                "reference": "c0125896dbb151380ab47e96c621741e79623beb",
                "shasum": ""
            },
            "require": {
                "php": ">=5.2.0"
            },
            "require-dev": {
                "phpunit/phpunit": "4.*|5.*"
            },
            "suggest": {
                "ext-libsodium": "Provides a modern crypto API that can be used to generate random bytes."
            },
            "type": "library",
            "autoload": {
                "files": [
                    "lib/random.php"
                ]
            },
            "notification-url": "https://packagist.org/downloads/",
            "license": [
                "MIT"
            ],
            "authors": [
                {
                    "name": "Paragon Initiative Enterprises",
                    "email": "security@paragonie.com",
                    "homepage": "https://paragonie.com"
                }
            ],
            "description": "PHP 5.x polyfill for random_bytes() and random_int() from PHP 7",
            "keywords": [
                "csprng",
                "pseudorandom",
                "random"
            ],
            "time": "2016-10-17 15:23:22"
        },
        {
            "name": "psr/log",
            "version": "1.0.2",
            "source": {
                "type": "git",
                "url": "https://github.com/php-fig/log.git",
                "reference": "4ebe3a8bf773a19edfe0a84b6585ba3d401b724d"
            },
            "dist": {
                "type": "zip",
                "url": "https://api.github.com/repos/php-fig/log/zipball/4ebe3a8bf773a19edfe0a84b6585ba3d401b724d",
                "reference": "4ebe3a8bf773a19edfe0a84b6585ba3d401b724d",
                "shasum": ""
            },
            "require": {
                "php": ">=5.3.0"
            },
            "type": "library",
            "extra": {
                "branch-alias": {
                    "dev-master": "1.0.x-dev"
                }
            },
            "autoload": {
                "psr-4": {
                    "Psr\\Log\\": "Psr/Log/"
                }
            },
            "notification-url": "https://packagist.org/downloads/",
            "license": [
                "MIT"
            ],
            "authors": [
                {
                    "name": "PHP-FIG",
                    "homepage": "http://www.php-fig.org/"
                }
            ],
            "description": "Common interface for logging libraries",
            "homepage": "https://github.com/php-fig/log",
            "keywords": [
                "log",
                "psr",
                "psr-3"
            ],
            "time": "2016-10-10 12:19:37"
        },
        {
            "name": "sonatra/ajax",
            "version": "dev-master",
            "source": {
                "type": "git",
                "url": "https://github.com/sonatra/sonatra-ajax.git",
                "reference": "7fbaf40cfee3f9ba6a5a9e1ba18cc3e063e14d0f"
            },
            "dist": {
                "type": "zip",
                "url": "https://api.github.com/repos/sonatra/sonatra-ajax/zipball/7fbaf40cfee3f9ba6a5a9e1ba18cc3e063e14d0f",
                "reference": "7fbaf40cfee3f9ba6a5a9e1ba18cc3e063e14d0f",
                "shasum": ""
            },
            "require": {
                "php": ">=5.6.0",
                "symfony/event-dispatcher": "~3.0",
                "symfony/http-foundation": "~3.0",
                "symfony/http-kernel": "~3.0",
                "symfony/serializer": "~3.0"
            },
            "type": "library",
            "extra": {
                "branch-alias": {
                    "dev-master": "1.0-dev"
                }
            },
            "autoload": {
                "psr-4": {
                    "Sonatra\\Component\\Ajax\\": ""
                },
                "exclude-from-classmap": [
                    "/Tests/"
                ]
            },
            "notification-url": "https://packagist.org/downloads/",
            "license": [
                "MIT"
            ],
            "authors": [
                {
                    "name": "François Pluchino",
                    "email": "francois.pluchino@sonatra.com"
                }
            ],
            "description": "Intercept the ajax request identified by the event dispatcher",
            "homepage": "https://github.com/sonatra/sonatra-ajax",
            "keywords": [
                "AJAX response"
            ],
            "time": "2016-11-05 13:59:54"
        },
        {
            "name": "sonatra/block",
            "version": "dev-master",
            "source": {
                "type": "git",
                "url": "https://github.com/sonatra/sonatra-block.git",
                "reference": "cd803e19cb0c63bb9c774dbfea23b323e72f934e"
            },
            "dist": {
                "type": "zip",
                "url": "https://api.github.com/repos/sonatra/sonatra-block/zipball/cd803e19cb0c63bb9c774dbfea23b323e72f934e",
                "reference": "cd803e19cb0c63bb9c774dbfea23b323e72f934e",
                "shasum": ""
            },
            "require": {
                "php": ">=5.6.0",
                "symfony/event-dispatcher": "~3.0",
                "symfony/form": "~3.0",
                "symfony/options-resolver": "~3.0"
            },
            "require-dev": {
                "doctrine/orm": "~2.5",
                "symfony/dependency-injection": "~3.0",
                "symfony/doctrine-bridge": "~3.0",
                "symfony/http-kernel": "~3.0",
                "symfony/templating": "~3.0",
                "symfony/translation": "~3.0",
                "symfony/validator": "~3.0",
                "twig/twig": "~1.27"
            },
            "suggest": {
                "doctrine/orm": "For doctrine block type"
            },
            "type": "library",
            "extra": {
                "branch-alias": {
                    "dev-master": "1.0-dev"
                }
            },
            "autoload": {
                "psr-4": {
                    "Sonatra\\Component\\Block\\": ""
                },
                "exclude-from-classmap": [
                    "/Tests/"
                ]
            },
            "notification-url": "https://packagist.org/downloads/",
            "license": [
                "MIT"
            ],
            "authors": [
                {
                    "name": "François Pluchino",
                    "email": "francois.pluchino@sonatra.com"
                }
            ],
            "description": "Provides tools for defining UI blocks, rendering and mapping response data to related models",
            "homepage": "https://github.com/sonatra/sonatra-block",
            "keywords": [
                "block",
                "ui",
                "user interface"
            ],
            "time": "2016-11-07 15:28:16"
        },
        {
            "name": "sonatra/bootstrap",
            "version": "dev-master",
            "source": {
                "type": "git",
                "url": "https://github.com/sonatra/sonatra-bootstrap.git",
                "reference": "73db61e3ce10e11bcced1914ee2b6ac0785a430c"
            },
            "dist": {
                "type": "zip",
                "url": "https://api.github.com/repos/sonatra/sonatra-bootstrap/zipball/73db61e3ce10e11bcced1914ee2b6ac0785a430c",
                "reference": "73db61e3ce10e11bcced1914ee2b6ac0785a430c",
                "shasum": ""
            },
            "require": {
                "php": ">=5.6.0",
                "sonatra/block": "1.0.*@dev"
            },
            "require-dev": {
                "doctrine/orm": "~2.5",
                "gedmo/doctrine-extensions": "~2.4"
            },
            "suggest": {
                "bower-asset/bootstrap": "v3.3.*",
                "bower-asset/html5shiv": "v3.7.*",
                "bower-asset/respond": "v1.4.*",
                "fxp/composer-asset-plugin": "For manage NPM/Bower dependencies with Composer"
            },
            "type": "library",
            "extra": {
                "branch-alias": {
                    "dev-master": "1.0-dev"
                }
            },
            "autoload": {
                "psr-4": {
                    "Sonatra\\Component\\Bootstrap\\": ""
                },
                "exclude-from-classmap": [
                    "/Tests/"
                ]
            },
            "notification-url": "https://packagist.org/downloads/",
            "license": [
                "MIT"
            ],
            "authors": [
                {
                    "name": "François Pluchino",
                    "email": "francois.pluchino@sonatra.com"
                }
            ],
            "description": "Twig DSL for construct a Twitter Bootstrap interface",
            "homepage": "https://github.com/sonatra/sonatra-bootstrap",
            "keywords": [
                "DSL",
                "Twitter Bootstrap 3",
                "block",
                "template"
            ],
            "time": "2016-11-07 15:02:08"
        },
        {
            "name": "sonatra/form-extensions",
            "version": "dev-master",
            "source": {
                "type": "git",
                "url": "https://github.com/sonatra/sonatra-form-extensions.git",
                "reference": "1ca5ac464945b2a24a5bd4458ee0948208d2bef7"
            },
            "dist": {
                "type": "zip",
                "url": "https://api.github.com/repos/sonatra/sonatra-form-extensions/zipball/1ca5ac464945b2a24a5bd4458ee0948208d2bef7",
                "reference": "1ca5ac464945b2a24a5bd4458ee0948208d2bef7",
                "shasum": ""
            },
            "require": {
                "php": ">=5.6.0",
                "sonatra/ajax": "1.0.*@dev",
                "symfony/event-dispatcher": "~3.0",
                "symfony/form": "~3.0",
                "symfony/http-foundation": "~3.0",
                "symfony/property-access": "~3.0",
                "symfony/routing": "~3.0",
                "symfony/serializer": "~3.0"
            },
            "require-dev": {
                "doctrine/orm": "~2.5",
                "symfony/doctrine-bridge": "~3.0"
            },
            "suggest": {
                "bower-asset/select2": "The Select2 jquery plugin",
                "bower-asset/sonatra-jquery-datetime-picker": "The datetime picker jquery plugin",
                "fxp/composer-asset-plugin": "For manage NPM/Bower dependencies with Composer"
            },
            "type": "symfony-bundle",
            "extra": {
                "branch-alias": {
                    "dev-master": "1.0-dev"
                }
            },
            "autoload": {
                "psr-4": {
                    "Sonatra\\Component\\FormExtensions\\": ""
                },
                "exclude-from-classmap": [
                    "/Tests/"
                ]
            },
            "notification-url": "https://packagist.org/downloads/",
            "license": [
                "MIT"
            ],
            "authors": [
                {
                    "name": "François Pluchino",
                    "email": "francois.pluchino@sonatra.com"
                }
            ],
            "description": "Add new types for Symfony form",
            "homepage": "https://github.com/sonatra/sonatra-form-extensions",
            "keywords": [
                "ajax",
                "date",
                "datetime",
                "form",
                "hammerjs",
                "knob",
                "picker",
                "select2",
                "time"
            ],
            "time": "2016-11-05 20:27:24"
        },
        {
            "name": "sonatra/routing-extra",
            "version": "dev-master",
            "source": {
                "type": "git",
                "url": "https://github.com/sonatra/sonatra-routing-extra.git",
                "reference": "14fb239e0fc174002b0175995122c34008767205"
            },
            "dist": {
                "type": "zip",
                "url": "https://api.github.com/repos/sonatra/sonatra-routing-extra/zipball/14fb239e0fc174002b0175995122c34008767205",
                "reference": "14fb239e0fc174002b0175995122c34008767205",
                "shasum": ""
            },
            "require": {
                "php": ">=5.6.0",
                "symfony/property-access": "~3.0",
                "symfony/routing": "~3.0"
            },
            "type": "library",
            "extra": {
                "branch-alias": {
                    "dev-master": "1.0-dev"
                }
            },
            "autoload": {
                "psr-4": {
                    "Sonatra\\Component\\RoutingExtra\\": ""
                },
                "exclude-from-classmap": [
                    "/Tests/"
                ]
            },
            "notification-url": "https://packagist.org/downloads/",
            "license": [
                "MIT"
            ],
            "authors": [
                {
                    "name": "François Pluchino",
                    "email": "francois.pluchino@sonatra.com"
                }
            ],
            "description": "A set of extra tools for the symfony routing",
            "homepage": "https://github.com/sonatra/sonatra-routing-extra",
            "keywords": [
                "extra",
                "routing"
            ],
            "time": "2016-11-05 14:23:24"
        },
        {
            "name": "symfony/debug",
            "version": "v3.1.6",
            "source": {
                "type": "git",
                "url": "https://github.com/symfony/debug.git",
                "reference": "e2b3f74a67fc928adc3c1b9027f73e1bc01190a8"
            },
            "dist": {
                "type": "zip",
                "url": "https://api.github.com/repos/symfony/debug/zipball/e2b3f74a67fc928adc3c1b9027f73e1bc01190a8",
                "reference": "e2b3f74a67fc928adc3c1b9027f73e1bc01190a8",
                "shasum": ""
            },
            "require": {
                "php": ">=5.5.9",
                "psr/log": "~1.0"
            },
            "conflict": {
                "symfony/http-kernel": ">=2.3,<2.3.24|~2.4.0|>=2.5,<2.5.9|>=2.6,<2.6.2"
            },
            "require-dev": {
                "symfony/class-loader": "~2.8|~3.0",
                "symfony/http-kernel": "~2.8|~3.0"
            },
            "type": "library",
            "extra": {
                "branch-alias": {
                    "dev-master": "3.1-dev"
                }
            },
            "autoload": {
                "psr-4": {
                    "Symfony\\Component\\Debug\\": ""
                },
                "exclude-from-classmap": [
                    "/Tests/"
                ]
            },
            "notification-url": "https://packagist.org/downloads/",
            "license": [
                "MIT"
            ],
            "authors": [
                {
                    "name": "Fabien Potencier",
                    "email": "fabien@symfony.com"
                },
                {
                    "name": "Symfony Community",
                    "homepage": "https://symfony.com/contributors"
                }
            ],
            "description": "Symfony Debug Component",
            "homepage": "https://symfony.com",
            "time": "2016-09-06 11:02:40"
        },
        {
            "name": "symfony/event-dispatcher",
            "version": "v3.1.6",
            "source": {
                "type": "git",
                "url": "https://github.com/symfony/event-dispatcher.git",
                "reference": "28b0832b2553ffb80cabef6a7a812ff1e670c0bc"
            },
            "dist": {
                "type": "zip",
                "url": "https://api.github.com/repos/symfony/event-dispatcher/zipball/28b0832b2553ffb80cabef6a7a812ff1e670c0bc",
                "reference": "28b0832b2553ffb80cabef6a7a812ff1e670c0bc",
                "shasum": ""
            },
            "require": {
                "php": ">=5.5.9"
            },
            "require-dev": {
                "psr/log": "~1.0",
                "symfony/config": "~2.8|~3.0",
                "symfony/dependency-injection": "~2.8|~3.0",
                "symfony/expression-language": "~2.8|~3.0",
                "symfony/stopwatch": "~2.8|~3.0"
            },
            "suggest": {
                "symfony/dependency-injection": "",
                "symfony/http-kernel": ""
            },
            "type": "library",
            "extra": {
                "branch-alias": {
                    "dev-master": "3.1-dev"
                }
            },
            "autoload": {
                "psr-4": {
                    "Symfony\\Component\\EventDispatcher\\": ""
                },
                "exclude-from-classmap": [
                    "/Tests/"
                ]
            },
            "notification-url": "https://packagist.org/downloads/",
            "license": [
                "MIT"
            ],
            "authors": [
                {
                    "name": "Fabien Potencier",
                    "email": "fabien@symfony.com"
                },
                {
                    "name": "Symfony Community",
                    "homepage": "https://symfony.com/contributors"
                }
            ],
            "description": "Symfony EventDispatcher Component",
            "homepage": "https://symfony.com",
            "time": "2016-10-13 06:28:43"
        },
        {
            "name": "symfony/form",
            "version": "v3.1.6",
            "source": {
                "type": "git",
                "url": "https://github.com/symfony/form.git",
                "reference": "9b7667d56425badaf1fd83402deb1ebe2008f4fe"
            },
            "dist": {
                "type": "zip",
                "url": "https://api.github.com/repos/symfony/form/zipball/9b7667d56425badaf1fd83402deb1ebe2008f4fe",
                "reference": "9b7667d56425badaf1fd83402deb1ebe2008f4fe",
                "shasum": ""
            },
            "require": {
                "php": ">=5.5.9",
                "symfony/event-dispatcher": "~2.8|~3.0",
                "symfony/intl": "~2.8|~3.0",
                "symfony/options-resolver": "~2.8|~3.0",
                "symfony/polyfill-mbstring": "~1.0",
                "symfony/property-access": "~2.8|~3.0"
            },
            "conflict": {
                "symfony/doctrine-bridge": "<2.7",
                "symfony/framework-bundle": "<2.7",
                "symfony/twig-bridge": "<2.7"
            },
            "require-dev": {
                "doctrine/collections": "~1.0",
                "symfony/dependency-injection": "~2.8|~3.0",
                "symfony/http-foundation": "~2.8|~3.0",
                "symfony/http-kernel": "~2.8|~3.0",
                "symfony/security-csrf": "~2.8|~3.0",
                "symfony/translation": "~2.8|~3.0",
                "symfony/validator": "~2.8|~3.0"
            },
            "suggest": {
                "symfony/framework-bundle": "For templating with PHP.",
                "symfony/security-csrf": "For protecting forms against CSRF attacks.",
                "symfony/twig-bridge": "For templating with Twig.",
                "symfony/validator": "For form validation."
            },
            "type": "library",
            "extra": {
                "branch-alias": {
                    "dev-master": "3.1-dev"
                }
            },
            "autoload": {
                "psr-4": {
                    "Symfony\\Component\\Form\\": ""
                },
                "exclude-from-classmap": [
                    "/Tests/"
                ]
            },
            "notification-url": "https://packagist.org/downloads/",
            "license": [
                "MIT"
            ],
            "authors": [
                {
                    "name": "Fabien Potencier",
                    "email": "fabien@symfony.com"
                },
                {
                    "name": "Symfony Community",
                    "homepage": "https://symfony.com/contributors"
                }
            ],
            "description": "Symfony Form Component",
            "homepage": "https://symfony.com",
            "time": "2016-10-18 04:30:12"
        },
        {
            "name": "symfony/http-foundation",
            "version": "v3.1.6",
            "source": {
                "type": "git",
                "url": "https://github.com/symfony/http-foundation.git",
                "reference": "f21e5a8b88274b7720779aa88f9c02c6d6ec08d7"
            },
            "dist": {
                "type": "zip",
                "url": "https://api.github.com/repos/symfony/http-foundation/zipball/f21e5a8b88274b7720779aa88f9c02c6d6ec08d7",
                "reference": "f21e5a8b88274b7720779aa88f9c02c6d6ec08d7",
                "shasum": ""
            },
            "require": {
                "php": ">=5.5.9",
                "symfony/polyfill-mbstring": "~1.1"
            },
            "require-dev": {
                "symfony/expression-language": "~2.8|~3.0"
            },
            "type": "library",
            "extra": {
                "branch-alias": {
                    "dev-master": "3.1-dev"
                }
            },
            "autoload": {
                "psr-4": {
                    "Symfony\\Component\\HttpFoundation\\": ""
                },
                "exclude-from-classmap": [
                    "/Tests/"
                ]
            },
            "notification-url": "https://packagist.org/downloads/",
            "license": [
                "MIT"
            ],
            "authors": [
                {
                    "name": "Fabien Potencier",
                    "email": "fabien@symfony.com"
                },
                {
                    "name": "Symfony Community",
                    "homepage": "https://symfony.com/contributors"
                }
            ],
            "description": "Symfony HttpFoundation Component",
            "homepage": "https://symfony.com",
            "time": "2016-10-24 15:52:44"
        },
        {
            "name": "symfony/http-kernel",
            "version": "v3.1.6",
            "source": {
                "type": "git",
                "url": "https://github.com/symfony/http-kernel.git",
                "reference": "c235f1b13ba67012e283996a5427f22e2e04be14"
            },
            "dist": {
                "type": "zip",
                "url": "https://api.github.com/repos/symfony/http-kernel/zipball/c235f1b13ba67012e283996a5427f22e2e04be14",
                "reference": "c235f1b13ba67012e283996a5427f22e2e04be14",
                "shasum": ""
            },
            "require": {
                "php": ">=5.5.9",
                "psr/log": "~1.0",
                "symfony/debug": "~2.8|~3.0",
                "symfony/event-dispatcher": "~2.8|~3.0",
                "symfony/http-foundation": "~2.8.13|~3.1.6|~3.2"
            },
            "conflict": {
                "symfony/config": "<2.8"
            },
            "require-dev": {
                "symfony/browser-kit": "~2.8|~3.0",
                "symfony/class-loader": "~2.8|~3.0",
                "symfony/config": "~2.8|~3.0",
                "symfony/console": "~2.8|~3.0",
                "symfony/css-selector": "~2.8|~3.0",
                "symfony/dependency-injection": "~2.8|~3.0",
                "symfony/dom-crawler": "~2.8|~3.0",
                "symfony/expression-language": "~2.8|~3.0",
                "symfony/finder": "~2.8|~3.0",
                "symfony/process": "~2.8|~3.0",
                "symfony/routing": "~2.8|~3.0",
                "symfony/stopwatch": "~2.8|~3.0",
                "symfony/templating": "~2.8|~3.0",
                "symfony/translation": "~2.8|~3.0",
                "symfony/var-dumper": "~2.8|~3.0"
            },
            "suggest": {
                "symfony/browser-kit": "",
                "symfony/class-loader": "",
                "symfony/config": "",
                "symfony/console": "",
                "symfony/dependency-injection": "",
                "symfony/finder": "",
                "symfony/var-dumper": ""
            },
            "type": "library",
            "extra": {
                "branch-alias": {
                    "dev-master": "3.1-dev"
                }
            },
            "autoload": {
                "psr-4": {
                    "Symfony\\Component\\HttpKernel\\": ""
                },
                "exclude-from-classmap": [
                    "/Tests/"
                ]
            },
            "notification-url": "https://packagist.org/downloads/",
            "license": [
                "MIT"
            ],
            "authors": [
                {
                    "name": "Fabien Potencier",
                    "email": "fabien@symfony.com"
                },
                {
                    "name": "Symfony Community",
                    "homepage": "https://symfony.com/contributors"
                }
            ],
            "description": "Symfony HttpKernel Component",
            "homepage": "https://symfony.com",
            "time": "2016-10-27 02:38:31"
        },
        {
            "name": "symfony/inflector",
            "version": "v3.1.6",
            "source": {
                "type": "git",
                "url": "https://github.com/symfony/inflector.git",
                "reference": "1ea83acdd81053bdf35ccf3ee91f01b243664b61"
            },
            "dist": {
                "type": "zip",
                "url": "https://api.github.com/repos/symfony/inflector/zipball/1ea83acdd81053bdf35ccf3ee91f01b243664b61",
                "reference": "1ea83acdd81053bdf35ccf3ee91f01b243664b61",
                "shasum": ""
            },
            "require": {
                "php": ">=5.5.9"
            },
            "type": "library",
            "extra": {
                "branch-alias": {
                    "dev-master": "3.1-dev"
                }
            },
            "autoload": {
                "psr-4": {
                    "Symfony\\Component\\Inflector\\": ""
                },
                "exclude-from-classmap": [
                    "/Tests/"
                ]
            },
            "notification-url": "https://packagist.org/downloads/",
            "license": [
                "MIT"
            ],
            "authors": [
                {
                    "name": "Bernhard Schussek",
                    "email": "bschussek@gmail.com"
                },
                {
                    "name": "Symfony Community",
                    "homepage": "https://symfony.com/contributors"
                }
            ],
            "description": "Symfony Inflector Component",
            "homepage": "https://symfony.com",
            "keywords": [
                "inflection",
                "pluralize",
                "singularize",
                "string",
                "symfony",
                "words"
            ],
            "time": "2016-06-08 11:24:07"
        },
        {
            "name": "symfony/intl",
            "version": "v3.1.6",
            "source": {
                "type": "git",
                "url": "https://github.com/symfony/intl.git",
                "reference": "1dc47c14187c0e7b7dfe8ae3b8dbde9b60b6d96b"
            },
            "dist": {
                "type": "zip",
                "url": "https://api.github.com/repos/symfony/intl/zipball/1dc47c14187c0e7b7dfe8ae3b8dbde9b60b6d96b",
                "reference": "1dc47c14187c0e7b7dfe8ae3b8dbde9b60b6d96b",
                "shasum": ""
            },
            "require": {
                "php": ">=5.5.9",
                "symfony/polyfill-intl-icu": "~1.0"
            },
            "require-dev": {
                "symfony/filesystem": "~2.8|~3.0"
            },
            "suggest": {
                "ext-intl": "to use the component with locales other than \"en\""
            },
            "type": "library",
            "extra": {
                "branch-alias": {
                    "dev-master": "3.1-dev"
                }
            },
            "autoload": {
                "psr-4": {
                    "Symfony\\Component\\Intl\\": ""
                },
                "classmap": [
                    "Resources/stubs"
                ],
                "exclude-from-classmap": [
                    "/Tests/"
                ]
            },
            "notification-url": "https://packagist.org/downloads/",
            "license": [
                "MIT"
            ],
            "authors": [
                {
                    "name": "Bernhard Schussek",
                    "email": "bschussek@gmail.com"
                },
                {
                    "name": "Eriksen Costa",
                    "email": "eriksen.costa@infranology.com.br"
                },
                {
                    "name": "Igor Wiedler",
                    "email": "igor@wiedler.ch"
                },
                {
                    "name": "Symfony Community",
                    "homepage": "https://symfony.com/contributors"
                }
            ],
            "description": "A PHP replacement layer for the C intl extension that includes additional data from the ICU library.",
            "homepage": "https://symfony.com",
            "keywords": [
                "i18n",
                "icu",
                "internationalization",
                "intl",
                "l10n",
                "localization"
            ],
            "time": "2016-09-06 11:02:40"
        },
        {
            "name": "symfony/options-resolver",
            "version": "v3.1.6",
            "source": {
                "type": "git",
                "url": "https://github.com/symfony/options-resolver.git",
                "reference": "30605874d99af0cde6c41fd39e18546330c38100"
            },
            "dist": {
                "type": "zip",
                "url": "https://api.github.com/repos/symfony/options-resolver/zipball/30605874d99af0cde6c41fd39e18546330c38100",
                "reference": "30605874d99af0cde6c41fd39e18546330c38100",
                "shasum": ""
            },
            "require": {
                "php": ">=5.5.9"
            },
            "type": "library",
            "extra": {
                "branch-alias": {
                    "dev-master": "3.1-dev"
                }
            },
            "autoload": {
                "psr-4": {
                    "Symfony\\Component\\OptionsResolver\\": ""
                },
                "exclude-from-classmap": [
                    "/Tests/"
                ]
            },
            "notification-url": "https://packagist.org/downloads/",
            "license": [
                "MIT"
            ],
            "authors": [
                {
                    "name": "Fabien Potencier",
                    "email": "fabien@symfony.com"
                },
                {
                    "name": "Symfony Community",
                    "homepage": "https://symfony.com/contributors"
                }
            ],
            "description": "Symfony OptionsResolver Component",
            "homepage": "https://symfony.com",
            "keywords": [
                "config",
                "configuration",
                "options"
            ],
            "time": "2016-05-12 15:59:27"
        },
        {
            "name": "symfony/polyfill-intl-icu",
            "version": "v1.2.0",
            "source": {
                "type": "git",
                "url": "https://github.com/symfony/polyfill-intl-icu.git",
                "reference": "0f8dc2c45f69f8672379e9210bca4a115cd5146f"
            },
            "dist": {
                "type": "zip",
                "url": "https://api.github.com/repos/symfony/polyfill-intl-icu/zipball/0f8dc2c45f69f8672379e9210bca4a115cd5146f",
                "reference": "0f8dc2c45f69f8672379e9210bca4a115cd5146f",
                "shasum": ""
            },
            "require": {
                "php": ">=5.3.3",
                "symfony/intl": "~2.3|~3.0"
            },
            "suggest": {
                "ext-intl": "For best performance"
            },
            "type": "library",
            "extra": {
                "branch-alias": {
                    "dev-master": "1.2-dev"
                }
            },
            "autoload": {
                "files": [
                    "bootstrap.php"
                ]
            },
            "notification-url": "https://packagist.org/downloads/",
            "license": [
                "MIT"
            ],
            "authors": [
                {
                    "name": "Nicolas Grekas",
                    "email": "p@tchwork.com"
                },
                {
                    "name": "Symfony Community",
                    "homepage": "https://symfony.com/contributors"
                }
            ],
            "description": "Symfony polyfill for intl's ICU-related data and classes",
            "homepage": "https://symfony.com",
            "keywords": [
                "compatibility",
                "icu",
                "intl",
                "polyfill",
                "portable",
                "shim"
            ],
            "time": "2016-05-18 14:26:46"
        },
        {
            "name": "symfony/polyfill-mbstring",
            "version": "v1.2.0",
            "source": {
                "type": "git",
                "url": "https://github.com/symfony/polyfill-mbstring.git",
                "reference": "dff51f72b0706335131b00a7f49606168c582594"
            },
            "dist": {
                "type": "zip",
                "url": "https://api.github.com/repos/symfony/polyfill-mbstring/zipball/dff51f72b0706335131b00a7f49606168c582594",
                "reference": "dff51f72b0706335131b00a7f49606168c582594",
                "shasum": ""
            },
            "require": {
                "php": ">=5.3.3"
            },
            "suggest": {
                "ext-mbstring": "For best performance"
            },
            "type": "library",
            "extra": {
                "branch-alias": {
                    "dev-master": "1.2-dev"
                }
            },
            "autoload": {
                "psr-4": {
                    "Symfony\\Polyfill\\Mbstring\\": ""
                },
                "files": [
                    "bootstrap.php"
                ]
            },
            "notification-url": "https://packagist.org/downloads/",
            "license": [
                "MIT"
            ],
            "authors": [
                {
                    "name": "Nicolas Grekas",
                    "email": "p@tchwork.com"
                },
                {
                    "name": "Symfony Community",
                    "homepage": "https://symfony.com/contributors"
                }
            ],
            "description": "Symfony polyfill for the Mbstring extension",
            "homepage": "https://symfony.com",
            "keywords": [
                "compatibility",
                "mbstring",
                "polyfill",
                "portable",
                "shim"
            ],
            "time": "2016-05-18 14:26:46"
        },
        {
            "name": "symfony/polyfill-php70",
            "version": "v1.2.0",
            "source": {
                "type": "git",
                "url": "https://github.com/symfony/polyfill-php70.git",
                "reference": "a42f4b6b05ed458910f8af4c4e1121b0101b2d85"
            },
            "dist": {
                "type": "zip",
                "url": "https://api.github.com/repos/symfony/polyfill-php70/zipball/a42f4b6b05ed458910f8af4c4e1121b0101b2d85",
                "reference": "a42f4b6b05ed458910f8af4c4e1121b0101b2d85",
                "shasum": ""
            },
            "require": {
                "paragonie/random_compat": "~1.0|~2.0",
                "php": ">=5.3.3"
            },
            "type": "library",
            "extra": {
                "branch-alias": {
                    "dev-master": "1.2-dev"
                }
            },
            "autoload": {
                "psr-4": {
                    "Symfony\\Polyfill\\Php70\\": ""
                },
                "files": [
                    "bootstrap.php"
                ],
                "classmap": [
                    "Resources/stubs"
                ]
            },
            "notification-url": "https://packagist.org/downloads/",
            "license": [
                "MIT"
            ],
            "authors": [
                {
                    "name": "Nicolas Grekas",
                    "email": "p@tchwork.com"
                },
                {
                    "name": "Symfony Community",
                    "homepage": "https://symfony.com/contributors"
                }
            ],
            "description": "Symfony polyfill backporting some PHP 7.0+ features to lower PHP versions",
            "homepage": "https://symfony.com",
            "keywords": [
                "compatibility",
                "polyfill",
                "portable",
                "shim"
            ],
            "time": "2016-05-18 14:26:46"
        },
        {
            "name": "symfony/property-access",
            "version": "v3.1.6",
            "source": {
                "type": "git",
                "url": "https://github.com/symfony/property-access.git",
                "reference": "6d7212a9bcaacb2c46ed401d0bbaf56c975ab640"
            },
            "dist": {
                "type": "zip",
                "url": "https://api.github.com/repos/symfony/property-access/zipball/6d7212a9bcaacb2c46ed401d0bbaf56c975ab640",
                "reference": "6d7212a9bcaacb2c46ed401d0bbaf56c975ab640",
                "shasum": ""
            },
            "require": {
                "php": ">=5.5.9",
                "symfony/inflector": "~3.1",
                "symfony/polyfill-php70": "~1.0"
            },
            "type": "library",
            "extra": {
                "branch-alias": {
                    "dev-master": "3.1-dev"
                }
            },
            "autoload": {
                "psr-4": {
                    "Symfony\\Component\\PropertyAccess\\": ""
                },
                "exclude-from-classmap": [
                    "/Tests/"
                ]
            },
            "notification-url": "https://packagist.org/downloads/",
            "license": [
                "MIT"
            ],
            "authors": [
                {
                    "name": "Fabien Potencier",
                    "email": "fabien@symfony.com"
                },
                {
                    "name": "Symfony Community",
                    "homepage": "https://symfony.com/contributors"
                }
            ],
            "description": "Symfony PropertyAccess Component",
            "homepage": "https://symfony.com",
            "keywords": [
                "access",
                "array",
                "extraction",
                "index",
                "injection",
                "object",
                "property",
                "property path",
                "reflection"
            ],
            "time": "2016-08-15 13:15:28"
        },
        {
            "name": "symfony/routing",
            "version": "v3.1.6",
            "source": {
                "type": "git",
                "url": "https://github.com/symfony/routing.git",
                "reference": "8edf62498a1a4c57ba317664a4b698339c10cdf6"
            },
            "dist": {
                "type": "zip",
                "url": "https://api.github.com/repos/symfony/routing/zipball/8edf62498a1a4c57ba317664a4b698339c10cdf6",
                "reference": "8edf62498a1a4c57ba317664a4b698339c10cdf6",
                "shasum": ""
            },
            "require": {
                "php": ">=5.5.9"
            },
            "conflict": {
                "symfony/config": "<2.8"
            },
            "require-dev": {
                "doctrine/annotations": "~1.0",
                "doctrine/common": "~2.2",
                "psr/log": "~1.0",
                "symfony/config": "~2.8|~3.0",
                "symfony/expression-language": "~2.8|~3.0",
                "symfony/http-foundation": "~2.8|~3.0",
                "symfony/yaml": "~2.8|~3.0"
            },
            "suggest": {
                "doctrine/annotations": "For using the annotation loader",
                "symfony/config": "For using the all-in-one router or any loader",
                "symfony/dependency-injection": "For loading routes from a service",
                "symfony/expression-language": "For using expression matching",
                "symfony/http-foundation": "For using a Symfony Request object",
                "symfony/yaml": "For using the YAML loader"
            },
            "type": "library",
            "extra": {
                "branch-alias": {
                    "dev-master": "3.1-dev"
                }
            },
            "autoload": {
                "psr-4": {
                    "Symfony\\Component\\Routing\\": ""
                },
                "exclude-from-classmap": [
                    "/Tests/"
                ]
            },
            "notification-url": "https://packagist.org/downloads/",
            "license": [
                "MIT"
            ],
            "authors": [
                {
                    "name": "Fabien Potencier",
                    "email": "fabien@symfony.com"
                },
                {
                    "name": "Symfony Community",
                    "homepage": "https://symfony.com/contributors"
                }
            ],
            "description": "Symfony Routing Component",
            "homepage": "https://symfony.com",
            "keywords": [
                "router",
                "routing",
                "uri",
                "url"
            ],
            "time": "2016-08-16 14:58:24"
        },
        {
            "name": "symfony/serializer",
            "version": "v3.1.6",
            "source": {
                "type": "git",
                "url": "https://github.com/symfony/serializer.git",
                "reference": "2d2b0866397b870e307ca5f9923c89b1c8c25a42"
            },
            "dist": {
                "type": "zip",
                "url": "https://api.github.com/repos/symfony/serializer/zipball/2d2b0866397b870e307ca5f9923c89b1c8c25a42",
                "reference": "2d2b0866397b870e307ca5f9923c89b1c8c25a42",
                "shasum": ""
            },
            "require": {
                "php": ">=5.5.9"
            },
            "conflict": {
                "symfony/property-access": ">=3.0,<3.0.4|>=2.8,<2.8.4"
            },
            "require-dev": {
                "doctrine/annotations": "~1.0",
                "doctrine/cache": "~1.0",
                "phpdocumentor/reflection-docblock": "~3.0",
                "symfony/cache": "~3.1",
                "symfony/config": "~2.8|~3.0",
                "symfony/http-foundation": "~2.8|~3.0",
                "symfony/property-access": "~2.8|~3.0",
                "symfony/property-info": "~3.1",
                "symfony/yaml": "~2.8|~3.0"
            },
            "suggest": {
                "doctrine/annotations": "For using the annotation mapping. You will also need doctrine/cache.",
                "doctrine/cache": "For using the default cached annotation reader and metadata cache.",
                "psr/cache-implementation": "For using the metadata cache.",
                "symfony/config": "For using the XML mapping loader.",
                "symfony/http-foundation": "To use the DataUriNormalizer.",
                "symfony/property-access": "For using the ObjectNormalizer.",
                "symfony/property-info": "To deserialize relations.",
                "symfony/yaml": "For using the default YAML mapping loader."
            },
            "type": "library",
            "extra": {
                "branch-alias": {
                    "dev-master": "3.1-dev"
                }
            },
            "autoload": {
                "psr-4": {
                    "Symfony\\Component\\Serializer\\": ""
                },
                "exclude-from-classmap": [
                    "/Tests/"
                ]
            },
            "notification-url": "https://packagist.org/downloads/",
            "license": [
                "MIT"
            ],
            "authors": [
                {
                    "name": "Fabien Potencier",
                    "email": "fabien@symfony.com"
                },
                {
                    "name": "Symfony Community",
                    "homepage": "https://symfony.com/contributors"
                }
            ],
            "description": "Symfony Serializer Component",
            "homepage": "https://symfony.com",
            "time": "2016-10-07 16:40:45"
        }
    ],
    "packages-dev": [
        {
            "name": "twig/twig",
            "version": "v1.27.0",
            "source": {
                "type": "git",
                "url": "https://github.com/twigphp/Twig.git",
                "reference": "3c6c0033fd3b5679c6e1cb60f4f9766c2b424d97"
            },
            "dist": {
                "type": "zip",
                "url": "https://api.github.com/repos/twigphp/Twig/zipball/3c6c0033fd3b5679c6e1cb60f4f9766c2b424d97",
                "reference": "3c6c0033fd3b5679c6e1cb60f4f9766c2b424d97",
                "shasum": ""
            },
            "require": {
                "php": ">=5.2.7"
            },
            "require-dev": {
                "symfony/debug": "~2.7",
                "symfony/phpunit-bridge": "~2.7"
            },
            "type": "library",
            "extra": {
                "branch-alias": {
                    "dev-master": "1.27-dev"
                }
            },
            "autoload": {
                "psr-0": {
                    "Twig_": "lib/"
                }
            },
            "notification-url": "https://packagist.org/downloads/",
            "license": [
                "BSD-3-Clause"
            ],
            "authors": [
                {
                    "name": "Fabien Potencier",
                    "email": "fabien@symfony.com",
                    "homepage": "http://fabien.potencier.org",
                    "role": "Lead Developer"
                },
                {
                    "name": "Armin Ronacher",
                    "email": "armin.ronacher@active-4.com",
                    "role": "Project Founder"
                },
                {
                    "name": "Twig Team",
                    "homepage": "http://twig.sensiolabs.org/contributors",
                    "role": "Contributors"
                }
            ],
            "description": "Twig, the flexible, fast, and secure template language for PHP",
            "homepage": "http://twig.sensiolabs.org",
            "keywords": [
                "templating"
            ],
            "time": "2016-10-25 19:17:17"
        }
    ],
    "aliases": [],
    "minimum-stability": "stable",
    "stability-flags": {
        "sonatra/block": 20,
        "sonatra/bootstrap": 20,
        "sonatra/ajax": 20,
        "sonatra/form-extensions": 20,
        "sonatra/routing-extra": 20
    },
    "prefer-stable": false,
    "prefer-lowest": false,
    "platform": {
        "php": ">=5.5.0"
    },
    "platform-dev": []
}
